
Microsoft Visual Studio Solution File, Format Version 12.00
# Visual Studio Version 17
VisualStudioVersion = 17.1.32407.343
MinimumVisualStudioVersion = 10.0.40219.1
Project("{2150E333-8FDC-42A3-9474-1A3956D46DE8}") = "Caching", "Caching", "{19E641A2-5105-4388-97DE-1E61EA8380C9}"
EndProject
Project("{2150E333-8FDC-42A3-9474-1A3956D46DE8}") = "Middlewares", "Middlewares", "{B1E07AF1-33EE-424E-8A5F-F8814E92693E}"
EndProject
Global
	GlobalSection(SolutionProperties) = preSolution
		HideSolutionNode = FALSE
	EndGlobalSection
	GlobalSection(ExtensibilityGlobals) = postSolution
		SolutionGuid = {52867A66-F434-43DD-916A-8C29D1F2C66B}
	EndGlobalSection
EndGlobal
