
Microsoft Visual Studio Solution File, Format Version 12.00
# Visual Studio Version 17
VisualStudioVersion = 17.1.32407.343
MinimumVisualStudioVersion = 10.0.40219.1
Project("{FAE04EC0-301F-11D3-BF4B-00C04F79EFBC}") = "Pangea.Shared", "Pangea.Shared\Pangea.Shared.csproj", "{AD054A08-0FF0-40DE-8A0A-1AE9C0E7CF10}"
EndProject
Global
	GlobalSection(SolutionConfigurationPlatforms) = preSolution
		Debug|Any CPU = Debug|Any CPU
		Release|Any CPU = Release|Any CPU
	EndGlobalSection
	GlobalSection(ProjectConfigurationPlatforms) = postSolution
		{AD054A08-0FF0-40DE-8A0A-1AE9C0E7CF10}.Debug|Any CPU.ActiveCfg = Debug|Any CPU
		{AD054A08-0FF0-40DE-8A0A-1AE9C0E7CF10}.Debug|Any CPU.Build.0 = Debug|Any CPU
		{AD054A08-0FF0-40DE-8A0A-1AE9C0E7CF10}.Release|Any CPU.ActiveCfg = Release|Any CPU
		{AD054A08-0FF0-40DE-8A0A-1AE9C0E7CF10}.Release|Any CPU.Build.0 = Release|Any CPU
	EndGlobalSection
	GlobalSection(SolutionProperties) = preSolution
		HideSolutionNode = FALSE
	EndGlobalSection
	GlobalSection(ExtensibilityGlobals) = postSolution
		SolutionGuid = {52867A66-F434-43DD-916A-8C29D1F2C66B}
	EndGlobalSection
EndGlobal
